
Microsoft Visual Studio Solution File, Format Version 12.00
# Visual Studio Version 17
VisualStudioVersion = 17.11.35222.181
MinimumVisualStudioVersion = 10.0.40219.1
Project("{FAE04EC0-301F-11D3-BF4B-00C04F79EFBC}") = "7.05.OpredelenieProsrochky", "7.05.OpredelenieProsrochky.csproj", "{9CE2AA26-CEF2-4FE7-8E42-289ABCDECEE9}"
EndProject
Global
	GlobalSection(SolutionConfigurationPlatforms) = preSolution
		Debug|Any CPU = Debug|Any CPU
		Release|Any CPU = Release|Any CPU
	EndGlobalSection
	GlobalSection(ProjectConfigurationPlatforms) = postSolution
		{9CE2AA26-CEF2-4FE7-8E42-289ABCDECEE9}.Debug|Any CPU.ActiveCfg = Debug|Any CPU
		{9CE2AA26-CEF2-4FE7-8E42-289ABCDECEE9}.Debug|Any CPU.Build.0 = Debug|Any CPU
		{9CE2AA26-CEF2-4FE7-8E42-289ABCDECEE9}.Release|Any CPU.ActiveCfg = Release|Any CPU
		{9CE2AA26-CEF2-4FE7-8E42-289ABCDECEE9}.Release|Any CPU.Build.0 = Release|Any CPU
	EndGlobalSection
	GlobalSection(SolutionProperties) = preSolution
		HideSolutionNode = FALSE
	EndGlobalSection
	GlobalSection(ExtensibilityGlobals) = postSolution
		SolutionGuid = {1C4FD5B6-B87B-498B-9035-0AED2C248C25}
	EndGlobalSection
EndGlobal
