
Microsoft Visual Studio Solution File, Format Version 12.00
# Visual Studio Version 17
VisualStudioVersion = 17.3.32825.248
MinimumVisualStudioVersion = 10.0.40219.1
Project("{FAE04EC0-301F-11D3-BF4B-00C04F79EFBC}") = "18.SkobochnoeVirozjenie", "18.SkobochnoeVirozjenie.csproj", "{FCAC447B-7B6B-4923-B7B8-587CBA49C1ED}"
EndProject
Global
	GlobalSection(SolutionConfigurationPlatforms) = preSolution
		Debug|Any CPU = Debug|Any CPU
		Release|Any CPU = Release|Any CPU
	EndGlobalSection
	GlobalSection(ProjectConfigurationPlatforms) = postSolution
		{FCAC447B-7B6B-4923-B7B8-587CBA49C1ED}.Debug|Any CPU.ActiveCfg = Debug|Any CPU
		{FCAC447B-7B6B-4923-B7B8-587CBA49C1ED}.Debug|Any CPU.Build.0 = Debug|Any CPU
		{FCAC447B-7B6B-4923-B7B8-587CBA49C1ED}.Release|Any CPU.ActiveCfg = Release|Any CPU
		{FCAC447B-7B6B-4923-B7B8-587CBA49C1ED}.Release|Any CPU.Build.0 = Release|Any CPU
	EndGlobalSection
	GlobalSection(SolutionProperties) = preSolution
		HideSolutionNode = FALSE
	EndGlobalSection
	GlobalSection(ExtensibilityGlobals) = postSolution
		SolutionGuid = {EFF71F0B-1E7A-4371-822A-16BC9B25B1B0}
	EndGlobalSection
EndGlobal
