
Microsoft Visual Studio Solution File, Format Version 12.00
# Visual Studio Version 17
VisualStudioVersion = 17.5.33424.131
MinimumVisualStudioVersion = 10.0.40219.1
Project("{FAE04EC0-301F-11D3-BF4B-00C04F79EFBC}") = "6.2.RabotaSoSvoystvami", "6.2.RabotaSoSvoystvami.csproj", "{2EE5E548-ED0A-4B96-9BD4-8E39553B8B0D}"
EndProject
Global
	GlobalSection(SolutionConfigurationPlatforms) = preSolution
		Debug|Any CPU = Debug|Any CPU
		Release|Any CPU = Release|Any CPU
	EndGlobalSection
	GlobalSection(ProjectConfigurationPlatforms) = postSolution
		{2EE5E548-ED0A-4B96-9BD4-8E39553B8B0D}.Debug|Any CPU.ActiveCfg = Debug|Any CPU
		{2EE5E548-ED0A-4B96-9BD4-8E39553B8B0D}.Debug|Any CPU.Build.0 = Debug|Any CPU
		{2EE5E548-ED0A-4B96-9BD4-8E39553B8B0D}.Release|Any CPU.ActiveCfg = Release|Any CPU
		{2EE5E548-ED0A-4B96-9BD4-8E39553B8B0D}.Release|Any CPU.Build.0 = Release|Any CPU
	EndGlobalSection
	GlobalSection(SolutionProperties) = preSolution
		HideSolutionNode = FALSE
	EndGlobalSection
	GlobalSection(ExtensibilityGlobals) = postSolution
		SolutionGuid = {1A851C19-C8D1-4515-ACAD-1F52EB3FFC79}
	EndGlobalSection
EndGlobal
