
Microsoft Visual Studio Solution File, Format Version 12.00
# Visual Studio Version 17
VisualStudioVersion = 17.3.32825.248
MinimumVisualStudioVersion = 10.0.40219.1
Project("{FAE04EC0-301F-11D3-BF4B-00C04F79EFBC}") = "3.2.NaibolshiyElement", "3.2.NaibolshiyElement.csproj", "{C459C533-93F1-4897-AFA6-6C94A2659BDB}"
EndProject
Global
	GlobalSection(SolutionConfigurationPlatforms) = preSolution
		Debug|Any CPU = Debug|Any CPU
		Release|Any CPU = Release|Any CPU
	EndGlobalSection
	GlobalSection(ProjectConfigurationPlatforms) = postSolution
		{C459C533-93F1-4897-AFA6-6C94A2659BDB}.Debug|Any CPU.ActiveCfg = Debug|Any CPU
		{C459C533-93F1-4897-AFA6-6C94A2659BDB}.Debug|Any CPU.Build.0 = Debug|Any CPU
		{C459C533-93F1-4897-AFA6-6C94A2659BDB}.Release|Any CPU.ActiveCfg = Release|Any CPU
		{C459C533-93F1-4897-AFA6-6C94A2659BDB}.Release|Any CPU.Build.0 = Release|Any CPU
	EndGlobalSection
	GlobalSection(SolutionProperties) = preSolution
		HideSolutionNode = FALSE
	EndGlobalSection
	GlobalSection(ExtensibilityGlobals) = postSolution
		SolutionGuid = {BD715E3F-54B4-4EE2-AE01-FDA363648D67}
	EndGlobalSection
EndGlobal
