
Microsoft Visual Studio Solution File, Format Version 12.00
# Visual Studio Version 17
VisualStudioVersion = 17.3.32825.248
MinimumVisualStudioVersion = 10.0.40219.1
Project("{FAE04EC0-301F-11D3-BF4B-00C04F79EFBC}") = "14.2.VivodImeni", "14.2.VivodImeni.csproj", "{61380530-7DF5-4E08-A7DF-2034D90524FB}"
EndProject
Global
	GlobalSection(SolutionConfigurationPlatforms) = preSolution
		Debug|Any CPU = Debug|Any CPU
		Release|Any CPU = Release|Any CPU
	EndGlobalSection
	GlobalSection(ProjectConfigurationPlatforms) = postSolution
		{61380530-7DF5-4E08-A7DF-2034D90524FB}.Debug|Any CPU.ActiveCfg = Debug|Any CPU
		{61380530-7DF5-4E08-A7DF-2034D90524FB}.Debug|Any CPU.Build.0 = Debug|Any CPU
		{61380530-7DF5-4E08-A7DF-2034D90524FB}.Release|Any CPU.ActiveCfg = Release|Any CPU
		{61380530-7DF5-4E08-A7DF-2034D90524FB}.Release|Any CPU.Build.0 = Release|Any CPU
	EndGlobalSection
	GlobalSection(SolutionProperties) = preSolution
		HideSolutionNode = FALSE
	EndGlobalSection
	GlobalSection(ExtensibilityGlobals) = postSolution
		SolutionGuid = {6D67B1E1-2532-47E5-B412-468DBFBEF2C3}
	EndGlobalSection
EndGlobal
