
Microsoft Visual Studio Solution File, Format Version 12.00
# Visual Studio Version 17
VisualStudioVersion = 17.3.32825.248
MinimumVisualStudioVersion = 10.0.40219.1
Project("{FAE04EC0-301F-11D3-BF4B-00C04F79EFBC}") = "7.Policlinica", "7.Policlinica.csproj", "{8F6690AA-B8E8-4C50-8319-A4613A59EBFE}"
EndProject
Global
	GlobalSection(SolutionConfigurationPlatforms) = preSolution
		Debug|Any CPU = Debug|Any CPU
		Release|Any CPU = Release|Any CPU
	EndGlobalSection
	GlobalSection(ProjectConfigurationPlatforms) = postSolution
		{8F6690AA-B8E8-4C50-8319-A4613A59EBFE}.Debug|Any CPU.ActiveCfg = Debug|Any CPU
		{8F6690AA-B8E8-4C50-8319-A4613A59EBFE}.Debug|Any CPU.Build.0 = Debug|Any CPU
		{8F6690AA-B8E8-4C50-8319-A4613A59EBFE}.Release|Any CPU.ActiveCfg = Release|Any CPU
		{8F6690AA-B8E8-4C50-8319-A4613A59EBFE}.Release|Any CPU.Build.0 = Release|Any CPU
	EndGlobalSection
	GlobalSection(SolutionProperties) = preSolution
		HideSolutionNode = FALSE
	EndGlobalSection
	GlobalSection(ExtensibilityGlobals) = postSolution
		SolutionGuid = {E06E9F15-AB37-4762-92CA-54E457F25955}
	EndGlobalSection
EndGlobal
