
Microsoft Visual Studio Solution File, Format Version 12.00
# Visual Studio Version 17
VisualStudioVersion = 17.4.33213.308
MinimumVisualStudioVersion = 10.0.40219.1
Project("{FAE04EC0-301F-11D3-BF4B-00C04F79EFBC}") = "5.2.OcheredVMagazine", "5.2.OcheredVMagazine.csproj", "{0A37C23B-E83E-45B6-98DA-4EF741C01482}"
EndProject
Global
	GlobalSection(SolutionConfigurationPlatforms) = preSolution
		Debug|Any CPU = Debug|Any CPU
		Release|Any CPU = Release|Any CPU
	EndGlobalSection
	GlobalSection(ProjectConfigurationPlatforms) = postSolution
		{0A37C23B-E83E-45B6-98DA-4EF741C01482}.Debug|Any CPU.ActiveCfg = Debug|Any CPU
		{0A37C23B-E83E-45B6-98DA-4EF741C01482}.Debug|Any CPU.Build.0 = Debug|Any CPU
		{0A37C23B-E83E-45B6-98DA-4EF741C01482}.Release|Any CPU.ActiveCfg = Release|Any CPU
		{0A37C23B-E83E-45B6-98DA-4EF741C01482}.Release|Any CPU.Build.0 = Release|Any CPU
	EndGlobalSection
	GlobalSection(SolutionProperties) = preSolution
		HideSolutionNode = FALSE
	EndGlobalSection
	GlobalSection(ExtensibilityGlobals) = postSolution
		SolutionGuid = {5A11CA45-D36F-4C03-A48D-A92D495B3B43}
	EndGlobalSection
EndGlobal
