
Microsoft Visual Studio Solution File, Format Version 12.00
# Visual Studio Version 17
VisualStudioVersion = 17.4.33213.308
MinimumVisualStudioVersion = 10.0.40219.1
Project("{FAE04EC0-301F-11D3-BF4B-00C04F79EFBC}") = "5.1.TolkoviySlovare", "5.1.TolkoviySlovare.csproj", "{DBEDCA84-1434-4FE4-BE4A-91B865797183}"
EndProject
Global
	GlobalSection(SolutionConfigurationPlatforms) = preSolution
		Debug|Any CPU = Debug|Any CPU
		Release|Any CPU = Release|Any CPU
	EndGlobalSection
	GlobalSection(ProjectConfigurationPlatforms) = postSolution
		{DBEDCA84-1434-4FE4-BE4A-91B865797183}.Debug|Any CPU.ActiveCfg = Debug|Any CPU
		{DBEDCA84-1434-4FE4-BE4A-91B865797183}.Debug|Any CPU.Build.0 = Debug|Any CPU
		{DBEDCA84-1434-4FE4-BE4A-91B865797183}.Release|Any CPU.ActiveCfg = Release|Any CPU
		{DBEDCA84-1434-4FE4-BE4A-91B865797183}.Release|Any CPU.Build.0 = Release|Any CPU
	EndGlobalSection
	GlobalSection(SolutionProperties) = preSolution
		HideSolutionNode = FALSE
	EndGlobalSection
	GlobalSection(ExtensibilityGlobals) = postSolution
		SolutionGuid = {C48CE1B8-641C-4F1C-AB03-3EB188795565}
	EndGlobalSection
EndGlobal
