
Microsoft Visual Studio Solution File, Format Version 12.00
# Visual Studio Version 17
VisualStudioVersion = 17.5.33530.505
MinimumVisualStudioVersion = 10.0.40219.1
Project("{FAE04EC0-301F-11D3-BF4B-00C04F79EFBC}") = "6.6.Magazin", "6.6.Magazin.csproj", "{A77DAD16-4504-413B-ADF6-20E847018F07}"
EndProject
Global
	GlobalSection(SolutionConfigurationPlatforms) = preSolution
		Debug|Any CPU = Debug|Any CPU
		Release|Any CPU = Release|Any CPU
	EndGlobalSection
	GlobalSection(ProjectConfigurationPlatforms) = postSolution
		{A77DAD16-4504-413B-ADF6-20E847018F07}.Debug|Any CPU.ActiveCfg = Debug|Any CPU
		{A77DAD16-4504-413B-ADF6-20E847018F07}.Debug|Any CPU.Build.0 = Debug|Any CPU
		{A77DAD16-4504-413B-ADF6-20E847018F07}.Release|Any CPU.ActiveCfg = Release|Any CPU
		{A77DAD16-4504-413B-ADF6-20E847018F07}.Release|Any CPU.Build.0 = Release|Any CPU
	EndGlobalSection
	GlobalSection(SolutionProperties) = preSolution
		HideSolutionNode = FALSE
	EndGlobalSection
	GlobalSection(ExtensibilityGlobals) = postSolution
		SolutionGuid = {5D49E08A-B980-47B2-99EE-E81AE49F28E9}
	EndGlobalSection
EndGlobal
