
Microsoft Visual Studio Solution File, Format Version 12.00
# Visual Studio Version 17
VisualStudioVersion = 17.3.32825.248
MinimumVisualStudioVersion = 10.0.40219.1
Project("{FAE04EC0-301F-11D3-BF4B-00C04F79EFBC}") = "4.1.KadroviyUchot", "4.1.KadroviyUchot.csproj", "{172D6121-C62E-45B0-B173-DEAE3BE2D6ED}"
EndProject
Global
	GlobalSection(SolutionConfigurationPlatforms) = preSolution
		Debug|Any CPU = Debug|Any CPU
		Release|Any CPU = Release|Any CPU
	EndGlobalSection
	GlobalSection(ProjectConfigurationPlatforms) = postSolution
		{172D6121-C62E-45B0-B173-DEAE3BE2D6ED}.Debug|Any CPU.ActiveCfg = Debug|Any CPU
		{172D6121-C62E-45B0-B173-DEAE3BE2D6ED}.Debug|Any CPU.Build.0 = Debug|Any CPU
		{172D6121-C62E-45B0-B173-DEAE3BE2D6ED}.Release|Any CPU.ActiveCfg = Release|Any CPU
		{172D6121-C62E-45B0-B173-DEAE3BE2D6ED}.Release|Any CPU.Build.0 = Release|Any CPU
	EndGlobalSection
	GlobalSection(SolutionProperties) = preSolution
		HideSolutionNode = FALSE
	EndGlobalSection
	GlobalSection(ExtensibilityGlobals) = postSolution
		SolutionGuid = {C69C0AB4-79FE-43CB-87F6-06800D735033}
	EndGlobalSection
EndGlobal
