
Microsoft Visual Studio Solution File, Format Version 12.00
# Visual Studio Version 17
VisualStudioVersion = 17.3.32825.248
MinimumVisualStudioVersion = 10.0.40219.1
Project("{FAE04EC0-301F-11D3-BF4B-00C04F79EFBC}") = "3.3.LokalniyMaximum", "3.3.LokalniyMaximum.csproj", "{06CDAA78-0908-4110-B221-23010B031899}"
EndProject
Global
	GlobalSection(SolutionConfigurationPlatforms) = preSolution
		Debug|Any CPU = Debug|Any CPU
		Release|Any CPU = Release|Any CPU
	EndGlobalSection
	GlobalSection(ProjectConfigurationPlatforms) = postSolution
		{06CDAA78-0908-4110-B221-23010B031899}.Debug|Any CPU.ActiveCfg = Debug|Any CPU
		{06CDAA78-0908-4110-B221-23010B031899}.Debug|Any CPU.Build.0 = Debug|Any CPU
		{06CDAA78-0908-4110-B221-23010B031899}.Release|Any CPU.ActiveCfg = Release|Any CPU
		{06CDAA78-0908-4110-B221-23010B031899}.Release|Any CPU.Build.0 = Release|Any CPU
	EndGlobalSection
	GlobalSection(SolutionProperties) = preSolution
		HideSolutionNode = FALSE
	EndGlobalSection
	GlobalSection(ExtensibilityGlobals) = postSolution
		SolutionGuid = {5E3FE657-2DF2-4A10-A19E-C116812ED43D}
	EndGlobalSection
EndGlobal
